
Microsoft Visual Studio Solution File, Format Version 12.00
# Visual Studio Version 17
VisualStudioVersion = 17.11.35312.102
MinimumVisualStudioVersion = 10.0.40219.1
Project("{9A19103F-16F7-4668-BE54-9A1E7A4F7556}") = "Lab7_VehicleWorld", "Lab7_VehicleWorld\Lab7_VehicleWorld.csproj", "{20A799B5-7C38-47C2-90E7-414D89E84B01}"
EndProject
Global
	GlobalSection(SolutionConfigurationPlatforms) = preSolution
		Debug|Any CPU = Debug|Any CPU
		Release|Any CPU = Release|Any CPU
	EndGlobalSection
	GlobalSection(ProjectConfigurationPlatforms) = postSolution
		{20A799B5-7C38-47C2-90E7-414D89E84B01}.Debug|Any CPU.ActiveCfg = Debug|Any CPU
		{20A799B5-7C38-47C2-90E7-414D89E84B01}.Debug|Any CPU.Build.0 = Debug|Any CPU
		{20A799B5-7C38-47C2-90E7-414D89E84B01}.Debug|Any CPU.Deploy.0 = Debug|Any CPU
		{20A799B5-7C38-47C2-90E7-414D89E84B01}.Release|Any CPU.ActiveCfg = Release|Any CPU
		{20A799B5-7C38-47C2-90E7-414D89E84B01}.Release|Any CPU.Build.0 = Release|Any CPU
		{20A799B5-7C38-47C2-90E7-414D89E84B01}.Release|Any CPU.Deploy.0 = Release|Any CPU
	EndGlobalSection
	GlobalSection(SolutionProperties) = preSolution
		HideSolutionNode = FALSE
	EndGlobalSection
	GlobalSection(ExtensibilityGlobals) = postSolution
		SolutionGuid = {BB8C89C0-F3BF-48F8-A14A-94627E7A421E}
	EndGlobalSection
EndGlobal
